// !$*UTF8*$!
{
	archiveVersion = 1;
	classes = {
	};
	objectVersion = 55;
	objects = {

/* Begin PBXBuildFile section */
		044022F627B4CB730090D849 /* AppDelegate.swift in Sources */ = {isa = PBXBuildFile; fileRef = 044022F527B4CB730090D849 /* AppDelegate.swift */; };
		044022F827B4CB730090D849 /* SceneDelegate.swift in Sources */ = {isa = PBXBuildFile; fileRef = 044022F727B4CB730090D849 /* SceneDelegate.swift */; };
		044022FA27B4CB730090D849 /* HomeViewController.swift in Sources */ = {isa = PBXBuildFile; fileRef = 044022F927B4CB730090D849 /* HomeViewController.swift */; };
		044022FD27B4CB730090D849 /* Main.storyboard in Resources */ = {isa = PBXBuildFile; fileRef = 044022FB27B4CB730090D849 /* Main.storyboard */; };
		044022FF27B4CB740090D849 /* Assets.xcassets in Resources */ = {isa = PBXBuildFile; fileRef = 044022FE27B4CB740090D849 /* Assets.xcassets */; };
		0440230227B4CB740090D849 /* LaunchScreen.storyboard in Resources */ = {isa = PBXBuildFile; fileRef = 0440230027B4CB740090D849 /* LaunchScreen.storyboard */; };
		0440230A27B4CBFC0090D849 /* HomePresenter.swift in Sources */ = {isa = PBXBuildFile; fileRef = 0440230927B4CBFC0090D849 /* HomePresenter.swift */; };
		0440230C27B4CC190090D849 /* HomeInteractor.swift in Sources */ = {isa = PBXBuildFile; fileRef = 0440230B27B4CC190090D849 /* HomeInteractor.swift */; };
		0440230E27B4CC2D0090D849 /* HomeRouter.swift in Sources */ = {isa = PBXBuildFile; fileRef = 0440230D27B4CC2D0090D849 /* HomeRouter.swift */; };
		0440231027B4CC3C0090D849 /* HomeAssembly.swift in Sources */ = {isa = PBXBuildFile; fileRef = 0440230F27B4CC3C0090D849 /* HomeAssembly.swift */; };
		0440231427B4DB930090D849 /* Model.swift in Sources */ = {isa = PBXBuildFile; fileRef = 0440231327B4DB930090D849 /* Model.swift */; };
		B494764959578870EDAE9577 /* Pods_Airplane.framework in Frameworks */ = {isa = PBXBuildFile; fileRef = ABABD89131A6A14B8643D515 /* Pods_Airplane.framework */; };
/* End PBXBuildFile section */

/* Begin PBXFileReference section */
		044022F227B4CB730090D849 /* Airplane.app */ = {isa = PBXFileReference; explicitFileType = wrapper.application; includeInIndex = 0; path = Airplane.app; sourceTree = BUILT_PRODUCTS_DIR; };
		044022F527B4CB730090D849 /* AppDelegate.swift */ = {isa = PBXFileReference; lastKnownFileType = sourcecode.swift; path = AppDelegate.swift; sourceTree = "<group>"; };
		044022F727B4CB730090D849 /* SceneDelegate.swift */ = {isa = PBXFileReference; lastKnownFileType = sourcecode.swift; path = SceneDelegate.swift; sourceTree = "<group>"; };
		044022F927B4CB730090D849 /* HomeViewController.swift */ = {isa = PBXFileReference; lastKnownFileType = sourcecode.swift; path = HomeViewController.swift; sourceTree = "<group>"; };
		044022FC27B4CB730090D849 /* Base */ = {isa = PBXFileReference; lastKnownFileType = file.storyboard; name = Base; path = Base.lproj/Main.storyboard; sourceTree = "<group>"; };
		044022FE27B4CB740090D849 /* Assets.xcassets */ = {isa = PBXFileReference; lastKnownFileType = folder.assetcatalog; path = Assets.xcassets; sourceTree = "<group>"; };
		0440230127B4CB740090D849 /* Base */ = {isa = PBXFileReference; lastKnownFileType = file.storyboard; name = Base; path = Base.lproj/LaunchScreen.storyboard; sourceTree = "<group>"; };
		0440230327B4CB740090D849 /* Info.plist */ = {isa = PBXFileReference; lastKnownFileType = text.plist.xml; path = Info.plist; sourceTree = "<group>"; };
		0440230927B4CBFC0090D849 /* HomePresenter.swift */ = {isa = PBXFileReference; lastKnownFileType = sourcecode.swift; path = HomePresenter.swift; sourceTree = "<group>"; };
		0440230B27B4CC190090D849 /* HomeInteractor.swift */ = {isa = PBXFileReference; lastKnownFileType = sourcecode.swift; path = HomeInteractor.swift; sourceTree = "<group>"; };
		0440230D27B4CC2D0090D849 /* HomeRouter.swift */ = {isa = PBXFileReference; lastKnownFileType = sourcecode.swift; path = HomeRouter.swift; sourceTree = "<group>"; };
		0440230F27B4CC3C0090D849 /* HomeAssembly.swift */ = {isa = PBXFileReference; lastKnownFileType = sourcecode.swift; path = HomeAssembly.swift; sourceTree = "<group>"; };
		0440231327B4DB930090D849 /* Model.swift */ = {isa = PBXFileReference; lastKnownFileType = sourcecode.swift; path = Model.swift; sourceTree = "<group>"; };
		A564D474D151C611BB127D32 /* Pods-Airplane.release.xcconfig */ = {isa = PBXFileReference; includeInIndex = 1; lastKnownFileType = text.xcconfig; name = "Pods-Airplane.release.xcconfig"; path = "Target Support Files/Pods-Airplane/Pods-Airplane.release.xcconfig"; sourceTree = "<group>"; };
		ABABD89131A6A14B8643D515 /* Pods_Airplane.framework */ = {isa = PBXFileReference; explicitFileType = wrapper.framework; includeInIndex = 0; path = Pods_Airplane.framework; sourceTree = BUILT_PRODUCTS_DIR; };
		F127F87D855C26783275DF9F /* Pods-Airplane.debug.xcconfig */ = {isa = PBXFileReference; includeInIndex = 1; lastKnownFileType = text.xcconfig; name = "Pods-Airplane.debug.xcconfig"; path = "Target Support Files/Pods-Airplane/Pods-Airplane.debug.xcconfig"; sourceTree = "<group>"; };
/* End PBXFileReference section */

/* Begin PBXFrameworksBuildPhase section */
		044022EF27B4CB730090D849 /* Frameworks */ = {
			isa = PBXFrameworksBuildPhase;
			buildActionMask = 2147483647;
			files = (
				B494764959578870EDAE9577 /* Pods_Airplane.framework in Frameworks */,
			);
			runOnlyForDeploymentPostprocessing = 0;
		};
/* End PBXFrameworksBuildPhase section */

/* Begin PBXGroup section */
		044022E927B4CB730090D849 = {
			isa = PBXGroup;
			children = (
				044022F427B4CB730090D849 /* Airplane */,
				044022F327B4CB730090D849 /* Products */,
				2B24A8A5D8864EDA9066069A /* Pods */,
				33854A8901E398A0A0071D9D /* Frameworks */,
			);
			sourceTree = "<group>";
		};
		044022F327B4CB730090D849 /* Products */ = {
			isa = PBXGroup;
			children = (
				044022F227B4CB730090D849 /* Airplane.app */,
			);
			name = Products;
			sourceTree = "<group>";
		};
		044022F427B4CB730090D849 /* Airplane */ = {
			isa = PBXGroup;
			children = (
				0440231227B4DB690090D849 /* Entity */,
				0440231127B4DB410090D849 /* Home */,
				044022F527B4CB730090D849 /* AppDelegate.swift */,
				044022F727B4CB730090D849 /* SceneDelegate.swift */,
				044022FB27B4CB730090D849 /* Main.storyboard */,
				044022FE27B4CB740090D849 /* Assets.xcassets */,
				0440230027B4CB740090D849 /* LaunchScreen.storyboard */,
				0440230327B4CB740090D849 /* Info.plist */,
			);
			path = Airplane;
			sourceTree = "<group>";
		};
		0440231127B4DB410090D849 /* Home */ = {
			isa = PBXGroup;
			children = (
				044022F927B4CB730090D849 /* HomeViewController.swift */,
				0440230927B4CBFC0090D849 /* HomePresenter.swift */,
				0440230B27B4CC190090D849 /* HomeInteractor.swift */,
				0440230D27B4CC2D0090D849 /* HomeRouter.swift */,
				0440230F27B4CC3C0090D849 /* HomeAssembly.swift */,
			);
			path = Home;
			sourceTree = "<group>";
		};
		0440231227B4DB690090D849 /* Entity */ = {
			isa = PBXGroup;
			children = (
				0440231327B4DB930090D849 /* Model.swift */,
			);
			path = Entity;
			sourceTree = "<group>";
		};
		2B24A8A5D8864EDA9066069A /* Pods */ = {
			isa = PBXGroup;
			children = (
				F127F87D855C26783275DF9F /* Pods-Airplane.debug.xcconfig */,
				A564D474D151C611BB127D32 /* Pods-Airplane.release.xcconfig */,
			);
			name = Pods;
			path = Pods;
			sourceTree = "<group>";
		};
		33854A8901E398A0A0071D9D /* Frameworks */ = {
			isa = PBXGroup;
			children = (
				ABABD89131A6A14B8643D515 /* Pods_Airplane.framework */,
			);
			name = Frameworks;
			sourceTree = "<group>";
		};
/* End PBXGroup section */

/* Begin PBXNativeTarget section */
		044022F127B4CB730090D849 /* Airplane */ = {
			isa = PBXNativeTarget;
			buildConfigurationList = 0440230627B4CB740090D849 /* Build configuration list for PBXNativeTarget "Airplane" */;
			buildPhases = (
				13DC2073AADF75851BDB805E /* [CP] Check Pods Manifest.lock */,
				044022EE27B4CB730090D849 /* Sources */,
				044022EF27B4CB730090D849 /* Frameworks */,
				044022F027B4CB730090D849 /* Resources */,
				C79780CFA281638A4FE4AEC5 /* [CP] Embed Pods Frameworks */,
			);
			buildRules = (
			);
			dependencies = (
			);
			name = Airplane;
			productName = Airplane;
			productReference = 044022F227B4CB730090D849 /* Airplane.app */;
			productType = "com.apple.product-type.application";
		};
/* End PBXNativeTarget section */

/* Begin PBXProject section */
		044022EA27B4CB730090D849 /* Project object */ = {
			isa = PBXProject;
			attributes = {
				BuildIndependentTargetsInParallel = 1;
				LastSwiftUpdateCheck = 1310;
				LastUpgradeCheck = 1310;
				TargetAttributes = {
					044022F127B4CB730090D849 = {
						CreatedOnToolsVersion = 13.1;
					};
				};
			};
			buildConfigurationList = 044022ED27B4CB730090D849 /* Build configuration list for PBXProject "Airplane" */;
			compatibilityVersion = "Xcode 13.0";
			developmentRegion = en;
			hasScannedForEncodings = 0;
			knownRegions = (
				en,
				Base,
			);
			mainGroup = 044022E927B4CB730090D849;
			productRefGroup = 044022F327B4CB730090D849 /* Products */;
			projectDirPath = "";
			projectRoot = "";
			targets = (
				044022F127B4CB730090D849 /* Airplane */,
			);
		};
/* End PBXProject section */

/* Begin PBXResourcesBuildPhase section */
		044022F027B4CB730090D849 /* Resources */ = {
			isa = PBXResourcesBuildPhase;
			buildActionMask = 2147483647;
			files = (
				0440230227B4CB740090D849 /* LaunchScreen.storyboard in Resources */,
				044022FF27B4CB740090D849 /* Assets.xcassets in Resources */,
				044022FD27B4CB730090D849 /* Main.storyboard in Resources */,
			);
			runOnlyForDeploymentPostprocessing = 0;
		};
/* End PBXResourcesBuildPhase section */

/* Begin PBXShellScriptBuildPhase section */
		13DC2073AADF75851BDB805E /* [CP] Check Pods Manifest.lock */ = {
			isa = PBXShellScriptBuildPhase;
			buildActionMask = 2147483647;
			files = (
			);
			inputFileListPaths = (
			);
			inputPaths = (
				"${PODS_PODFILE_DIR_PATH}/Podfile.lock",
				"${PODS_ROOT}/Manifest.lock",
			);
			name = "[CP] Check Pods Manifest.lock";
			outputFileListPaths = (
			);
			outputPaths = (
				"$(DERIVED_FILE_DIR)/Pods-Airplane-checkManifestLockResult.txt",
			);
			runOnlyForDeploymentPostprocessing = 0;
			shellPath = /bin/sh;
			shellScript = "diff \"${PODS_PODFILE_DIR_PATH}/Podfile.lock\" \"${PODS_ROOT}/Manifest.lock\" > /dev/null\nif [ $? != 0 ] ; then\n    # print error to STDERR\n    echo \"error: The sandbox is not in sync with the Podfile.lock. Run 'pod install' or update your CocoaPods installation.\" >&2\n    exit 1\nfi\n# This output is used by Xcode 'outputs' to avoid re-running this script phase.\necho \"SUCCESS\" > \"${SCRIPT_OUTPUT_FILE_0}\"\n";
			showEnvVarsInLog = 0;
		};
		C79780CFA281638A4FE4AEC5 /* [CP] Embed Pods Frameworks */ = {
			isa = PBXShellScriptBuildPhase;
			buildActionMask = 2147483647;
			files = (
			);
			inputFileListPaths = (
				"${PODS_ROOT}/Target Support Files/Pods-Airplane/Pods-Airplane-frameworks-${CONFIGURATION}-input-files.xcfilelist",
			);
			name = "[CP] Embed Pods Frameworks";
			outputFileListPaths = (
				"${PODS_ROOT}/Target Support Files/Pods-Airplane/Pods-Airplane-frameworks-${CONFIGURATION}-output-files.xcfilelist",
			);
			runOnlyForDeploymentPostprocessing = 0;
			shellPath = /bin/sh;
			shellScript = "\"${PODS_ROOT}/Target Support Files/Pods-Airplane/Pods-Airplane-frameworks.sh\"\n";
			showEnvVarsInLog = 0;
		};
/* End PBXShellScriptBuildPhase section */

/* Begin PBXSourcesBuildPhase section */
		044022EE27B4CB730090D849 /* Sources */ = {
			isa = PBXSourcesBuildPhase;
			buildActionMask = 2147483647;
			files = (
				044022FA27B4CB730090D849 /* HomeViewController.swift in Sources */,
				0440230E27B4CC2D0090D849 /* HomeRouter.swift in Sources */,
				044022F627B4CB730090D849 /* AppDelegate.swift in Sources */,
				044022F827B4CB730090D849 /* SceneDelegate.swift in Sources */,
				0440230C27B4CC190090D849 /* HomeInteractor.swift in Sources */,
				0440230A27B4CBFC0090D849 /* HomePresenter.swift in Sources */,
				0440231027B4CC3C0090D849 /* HomeAssembly.swift in Sources */,
				0440231427B4DB930090D849 /* Model.swift in Sources */,
			);
			runOnlyForDeploymentPostprocessing = 0;
		};
/* End PBXSourcesBuildPhase section */

/* Begin PBXVariantGroup section */
		044022FB27B4CB730090D849 /* Main.storyboard */ = {
			isa = PBXVariantGroup;
			children = (
				044022FC27B4CB730090D849 /* Base */,
			);
			name = Main.storyboard;
			sourceTree = "<group>";
		};
		0440230027B4CB740090D849 /* LaunchScreen.storyboard */ = {
			isa = PBXVariantGroup;
			children = (
				0440230127B4CB740090D849 /* Base */,
			);
			name = LaunchScreen.storyboard;
			sourceTree = "<group>";
		};
/* End PBXVariantGroup section */

/* Begin XCBuildConfiguration section */
		0440230427B4CB740090D849 /* Debug */ = {
			isa = XCBuildConfiguration;
			buildSettings = {
				ALWAYS_SEARCH_USER_PATHS = NO;
				CLANG_ANALYZER_NONNULL = YES;
				CLANG_ANALYZER_NUMBER_OBJECT_CONVERSION = YES_AGGRESSIVE;
				CLANG_CXX_LANGUAGE_STANDARD = "gnu++17";
				CLANG_CXX_LIBRARY = "libc++";
				CLANG_ENABLE_MODULES = YES;
				CLANG_ENABLE_OBJC_ARC = YES;
				CLANG_ENABLE_OBJC_WEAK = YES;
				CLANG_WARN_BLOCK_CAPTURE_AUTORELEASING = YES;
				CLANG_WARN_BOOL_CONVERSION = YES;
				CLANG_WARN_COMMA = YES;
				CLANG_WARN_CONSTANT_CONVERSION = YES;
				CLANG_WARN_DEPRECATED_OBJC_IMPLEMENTATIONS = YES;
				CLANG_WARN_DIRECT_OBJC_ISA_USAGE = YES_ERROR;
				CLANG_WARN_DOCUMENTATION_COMMENTS = YES;
				CLANG_WARN_EMPTY_BODY = YES;
				CLANG_WARN_ENUM_CONVERSION = YES;
				CLANG_WARN_INFINITE_RECURSION = YES;
				CLANG_WARN_INT_CONVERSION = YES;
				CLANG_WARN_NON_LITERAL_NULL_CONVERSION = YES;
				CLANG_WARN_OBJC_IMPLICIT_RETAIN_SELF = YES;
				CLANG_WARN_OBJC_LITERAL_CONVERSION = YES;
				CLANG_WARN_OBJC_ROOT_CLASS = YES_ERROR;
				CLANG_WARN_QUOTED_INCLUDE_IN_FRAMEWORK_HEADER = YES;
				CLANG_WARN_RANGE_LOOP_ANALYSIS = YES;
				CLANG_WARN_STRICT_PROTOTYPES = YES;
				CLANG_WARN_SUSPICIOUS_MOVE = YES;
				CLANG_WARN_UNGUARDED_AVAILABILITY = YES_AGGRESSIVE;
				CLANG_WARN_UNREACHABLE_CODE = YES;
				CLANG_WARN__DUPLICATE_METHOD_MATCH = YES;
				COPY_PHASE_STRIP = NO;
				DEBUG_INFORMATION_FORMAT = dwarf;
				ENABLE_STRICT_OBJC_MSGSEND = YES;
				ENABLE_TESTABILITY = YES;
				GCC_C_LANGUAGE_STANDARD = gnu11;
				GCC_DYNAMIC_NO_PIC = NO;
				GCC_NO_COMMON_BLOCKS = YES;
				GCC_OPTIMIZATION_LEVEL = 0;
				GCC_PREPROCESSOR_DEFINITIONS = (
					"DEBUG=1",
					"$(inherited)",
				);
				GCC_WARN_64_TO_32_BIT_CONVERSION = YES;
				GCC_WARN_ABOUT_RETURN_TYPE = YES_ERROR;
				GCC_WARN_UNDECLARED_SELECTOR = YES;
				GCC_WARN_UNINITIALIZED_AUTOS = YES_AGGRESSIVE;
				GCC_WARN_UNUSED_FUNCTION = YES;
				GCC_WARN_UNUSED_VARIABLE = YES;
				IPHONEOS_DEPLOYMENT_TARGET = 15.0;
				MTL_ENABLE_DEBUG_INFO = INCLUDE_SOURCE;
				MTL_FAST_MATH = YES;
				ONLY_ACTIVE_ARCH = YES;
				SDKROOT = iphoneos;
				SWIFT_ACTIVE_COMPILATION_CONDITIONS = DEBUG;
				SWIFT_OPTIMIZATION_LEVEL = "-Onone";
			};
			name = Debug;
		};
		0440230527B4CB740090D849 /* Release */ = {
			isa = XCBuildConfiguration;
			buildSettings = {
				ALWAYS_SEARCH_USER_PATHS = NO;
				CLANG_ANALYZER_NONNULL = YES;
				CLANG_ANALYZER_NUMBER_OBJECT_CONVERSION = YES_AGGRESSIVE;
				CLANG_CXX_LANGUAGE_STANDARD = "gnu++17";
				CLANG_CXX_LIBRARY = "libc++";
				CLANG_ENABLE_MODULES = YES;
				CLANG_ENABLE_OBJC_ARC = YES;
				CLANG_ENABLE_OBJC_WEAK = YES;
				CLANG_WARN_BLOCK_CAPTURE_AUTORELEASING = YES;
				CLANG_WARN_BOOL_CONVERSION = YES;
				CLANG_WARN_COMMA = YES;
				CLANG_WARN_CONSTANT_CONVERSION = YES;
				CLANG_WARN_DEPRECATED_OBJC_IMPLEMENTATIONS = YES;
				CLANG_WARN_DIRECT_OBJC_ISA_USAGE = YES_ERROR;
				CLANG_WARN_DOCUMENTATION_COMMENTS = YES;
				CLANG_WARN_EMPTY_BODY = YES;
				CLANG_WARN_ENUM_CONVERSION = YES;
				CLANG_WARN_INFINITE_RECURSION = YES;
				CLANG_WARN_INT_CONVERSION = YES;
				CLANG_WARN_NON_LITERAL_NULL_CONVERSION = YES;
				CLANG_WARN_OBJC_IMPLICIT_RETAIN_SELF = YES;
				CLANG_WARN_OBJC_LITERAL_CONVERSION = YES;
				CLANG_WARN_OBJC_ROOT_CLASS = YES_ERROR;
				CLANG_WARN_QUOTED_INCLUDE_IN_FRAMEWORK_HEADER = YES;
				CLANG_WARN_RANGE_LOOP_ANALYSIS = YES;
				CLANG_WARN_STRICT_PROTOTYPES = YES;
				CLANG_WARN_SUSPICIOUS_MOVE = YES;
				CLANG_WARN_UNGUARDED_AVAILABILITY = YES_AGGRESSIVE;
				CLANG_WARN_UNREACHABLE_CODE = YES;
				CLANG_WARN__DUPLICATE_METHOD_MATCH = YES;
				COPY_PHASE_STRIP = NO;
				DEBUG_INFORMATION_FORMAT = "dwarf-with-dsym";
				ENABLE_NS_ASSERTIONS = NO;
				ENABLE_STRICT_OBJC_MSGSEND = YES;
				GCC_C_LANGUAGE_STANDARD = gnu11;
				GCC_NO_COMMON_BLOCKS = YES;
				GCC_WARN_64_TO_32_BIT_CONVERSION = YES;
				GCC_WARN_ABOUT_RETURN_TYPE = YES_ERROR;
				GCC_WARN_UNDECLARED_SELECTOR = YES;
				GCC_WARN_UNINITIALIZED_AUTOS = YES_AGGRESSIVE;
				GCC_WARN_UNUSED_FUNCTION = YES;
				GCC_WARN_UNUSED_VARIABLE = YES;
				IPHONEOS_DEPLOYMENT_TARGET = 15.0;
				MTL_ENABLE_DEBUG_INFO = NO;
				MTL_FAST_MATH = YES;
				SDKROOT = iphoneos;
				SWIFT_COMPILATION_MODE = wholemodule;
				SWIFT_OPTIMIZATION_LEVEL = "-O";
				VALIDATE_PRODUCT = YES;
			};
			name = Release;
		};
		0440230727B4CB740090D849 /* Debug */ = {
			isa = XCBuildConfiguration;
			baseConfigurationReference = F127F87D855C26783275DF9F /* Pods-Airplane.debug.xcconfig */;
			buildSettings = {
				ASSETCATALOG_COMPILER_APPICON_NAME = AppIcon;
				ASSETCATALOG_COMPILER_GLOBAL_ACCENT_COLOR_NAME = AccentColor;
				CODE_SIGN_STYLE = Automatic;
				CURRENT_PROJECT_VERSION = 1;
				DEVELOPMENT_TEAM = FS59ZV8PGZ;
				GENERATE_INFOPLIST_FILE = YES;
				INFOPLIST_FILE = Airplane/Info.plist;
				INFOPLIST_KEY_UIApplicationSupportsIndirectInputEvents = YES;
				INFOPLIST_KEY_UILaunchStoryboardName = LaunchScreen;
				INFOPLIST_KEY_UIMainStoryboardFile = Main;
				INFOPLIST_KEY_UISupportedInterfaceOrientations_iPad = "UIInterfaceOrientationPortrait UIInterfaceOrientationPortraitUpsideDown UIInterfaceOrientationLandscapeLeft UIInterfaceOrientationLandscapeRight";
				INFOPLIST_KEY_UISupportedInterfaceOrientations_iPhone = "UIInterfaceOrientationPortrait UIInterfaceOrientationLandscapeLeft UIInterfaceOrientationLandscapeRight";
				LD_RUNPATH_SEARCH_PATHS = (
					"$(inherited)",
					"@executable_path/Frameworks",
				);
				MARKETING_VERSION = 1.0;
				PRODUCT_BUNDLE_IDENTIFIER = avila.apps.training.Airplane;
				PRODUCT_NAME = "$(TARGET_NAME)";
				SWIFT_EMIT_LOC_STRINGS = YES;
				SWIFT_VERSION = 5.0;
				TARGETED_DEVICE_FAMILY = "1,2";
			};
			name = Debug;
		};
		0440230827B4CB740090D849 /* Release */ = {
			isa = XCBuildConfiguration;
			baseConfigurationReference = A564D474D151C611BB127D32 /* Pods-Airplane.release.xcconfig */;
			buildSettings = {
				ASSETCATALOG_COMPILER_APPICON_NAME = AppIcon;
				ASSETCATALOG_COMPILER_GLOBAL_ACCENT_COLOR_NAME = AccentColor;
				CODE_SIGN_STYLE = Automatic;
				CURRENT_PROJECT_VERSION = 1;
				DEVELOPMENT_TEAM = FS59ZV8PGZ;
				GENERATE_INFOPLIST_FILE = YES;
				INFOPLIST_FILE = Airplane/Info.plist;
				INFOPLIST_KEY_UIApplicationSupportsIndirectInputEvents = YES;
				INFOPLIST_KEY_UILaunchStoryboardName = LaunchScreen;
				INFOPLIST_KEY_UIMainStoryboardFile = Main;
				INFOPLIST_KEY_UISupportedInterfaceOrientations_iPad = "UIInterfaceOrientationPortrait UIInterfaceOrientationPortraitUpsideDown UIInterfaceOrientationLandscapeLeft UIInterfaceOrientationLandscapeRight";
				INFOPLIST_KEY_UISupportedInterfaceOrientations_iPhone = "UIInterfaceOrientationPortrait UIInterfaceOrientationLandscapeLeft UIInterfaceOrientationLandscapeRight";
				LD_RUNPATH_SEARCH_PATHS = (
					"$(inherited)",
					"@executable_path/Frameworks",
				);
				MARKETING_VERSION = 1.0;
				PRODUCT_BUNDLE_IDENTIFIER = avila.apps.training.Airplane;
				PRODUCT_NAME = "$(TARGET_NAME)";
				SWIFT_EMIT_LOC_STRINGS = YES;
				SWIFT_VERSION = 5.0;
				TARGETED_DEVICE_FAMILY = "1,2";
			};
			name = Release;
		};
/* End XCBuildConfiguration section */

/* Begin XCConfigurationList section */
		044022ED27B4CB730090D849 /* Build configuration list for PBXProject "Airplane" */ = {
			isa = XCConfigurationList;
			buildConfigurations = (
				0440230427B4CB740090D849 /* Debug */,
				0440230527B4CB740090D849 /* Release */,
			);
			defaultConfigurationIsVisible = 0;
			defaultConfigurationName = Release;
		};
		0440230627B4CB740090D849 /* Build configuration list for PBXNativeTarget "Airplane" */ = {
			isa = XCConfigurationList;
			buildConfigurations = (
				0440230727B4CB740090D849 /* Debug */,
				0440230827B4CB740090D849 /* Release */,
			);
			defaultConfigurationIsVisible = 0;
			defaultConfigurationName = Release;
		};
/* End XCConfigurationList section */
	};
	rootObject = 044022EA27B4CB730090D849 /* Project object */;
}
