// !$*UTF8*$!
{
	archiveVersion = 1;
	classes = {
	};
	objectVersion = 50;
	objects = {

/* Begin PBXBuildFile section */
		63C201B9219FFCF2003EA25E /* AppDelegate.swift in Sources */ = {isa = PBXBuildFile; fileRef = 63C201B8219FFCF2003EA25E /* AppDelegate.swift */; };
		63C201BE219FFCF2003EA25E /* Main.storyboard in Resources */ = {isa = PBXBuildFile; fileRef = 63C201BC219FFCF2003EA25E /* Main.storyboard */; };
		63C201C0219FFCF4003EA25E /* Assets.xcassets in Resources */ = {isa = PBXBuildFile; fileRef = 63C201BF219FFCF4003EA25E /* Assets.xcassets */; };
		63C201C3219FFCF4003EA25E /* LaunchScreen.storyboard in Resources */ = {isa = PBXBuildFile; fileRef = 63C201C1219FFCF4003EA25E /* LaunchScreen.storyboard */; };
		63C201CB219FFEDA003EA25E /* BasicAnimationsViewController.swift in Sources */ = {isa = PBXBuildFile; fileRef = 63C201CA219FFEDA003EA25E /* BasicAnimationsViewController.swift */; };
		63C201CD21A003D7003EA25E /* SpringAnimationsViewController.swift in Sources */ = {isa = PBXBuildFile; fileRef = 63C201CC21A003D7003EA25E /* SpringAnimationsViewController.swift */; };
		63C201CF21A00613003EA25E /* KeyFrameAnimationsViewController.swift in Sources */ = {isa = PBXBuildFile; fileRef = 63C201CE21A00613003EA25E /* KeyFrameAnimationsViewController.swift */; };
		63C201D121A007F1003EA25E /* ConstraintAnimationViewController.swift in Sources */ = {isa = PBXBuildFile; fileRef = 63C201D021A007F1003EA25E /* ConstraintAnimationViewController.swift */; };
		63C201D321A00A5A003EA25E /* Constants.swift in Sources */ = {isa = PBXBuildFile; fileRef = 63C201D221A00A5A003EA25E /* Constants.swift */; };
		63C201D921A03CF3003EA25E /* Extensions.swift in Sources */ = {isa = PBXBuildFile; fileRef = 63C201D821A03CF3003EA25E /* Extensions.swift */; };
/* End PBXBuildFile section */

/* Begin PBXFileReference section */
		63C201B5219FFCF2003EA25E /* AnimationDev.app */ = {isa = PBXFileReference; explicitFileType = wrapper.application; includeInIndex = 0; path = AnimationDev.app; sourceTree = BUILT_PRODUCTS_DIR; };
		63C201B8219FFCF2003EA25E /* AppDelegate.swift */ = {isa = PBXFileReference; lastKnownFileType = sourcecode.swift; path = AppDelegate.swift; sourceTree = "<group>"; };
		63C201BD219FFCF2003EA25E /* Base */ = {isa = PBXFileReference; lastKnownFileType = file.storyboard; name = Base; path = Base.lproj/Main.storyboard; sourceTree = "<group>"; };
		63C201BF219FFCF4003EA25E /* Assets.xcassets */ = {isa = PBXFileReference; lastKnownFileType = folder.assetcatalog; path = Assets.xcassets; sourceTree = "<group>"; };
		63C201C2219FFCF4003EA25E /* Base */ = {isa = PBXFileReference; lastKnownFileType = file.storyboard; name = Base; path = Base.lproj/LaunchScreen.storyboard; sourceTree = "<group>"; };
		63C201C4219FFCF4003EA25E /* Info.plist */ = {isa = PBXFileReference; lastKnownFileType = text.plist.xml; path = Info.plist; sourceTree = "<group>"; };
		63C201CA219FFEDA003EA25E /* BasicAnimationsViewController.swift */ = {isa = PBXFileReference; lastKnownFileType = sourcecode.swift; path = BasicAnimationsViewController.swift; sourceTree = "<group>"; };
		63C201CC21A003D7003EA25E /* SpringAnimationsViewController.swift */ = {isa = PBXFileReference; lastKnownFileType = sourcecode.swift; path = SpringAnimationsViewController.swift; sourceTree = "<group>"; };
		63C201CE21A00613003EA25E /* KeyFrameAnimationsViewController.swift */ = {isa = PBXFileReference; lastKnownFileType = sourcecode.swift; path = KeyFrameAnimationsViewController.swift; sourceTree = "<group>"; };
		63C201D021A007F1003EA25E /* ConstraintAnimationViewController.swift */ = {isa = PBXFileReference; lastKnownFileType = sourcecode.swift; path = ConstraintAnimationViewController.swift; sourceTree = "<group>"; };
		63C201D221A00A5A003EA25E /* Constants.swift */ = {isa = PBXFileReference; lastKnownFileType = sourcecode.swift; path = Constants.swift; sourceTree = "<group>"; };
		63C201D821A03CF3003EA25E /* Extensions.swift */ = {isa = PBXFileReference; lastKnownFileType = sourcecode.swift; path = Extensions.swift; sourceTree = "<group>"; };
/* End PBXFileReference section */

/* Begin PBXFrameworksBuildPhase section */
		63C201B2219FFCF2003EA25E /* Frameworks */ = {
			isa = PBXFrameworksBuildPhase;
			buildActionMask = 2147483647;
			files = (
			);
			runOnlyForDeploymentPostprocessing = 0;
		};
/* End PBXFrameworksBuildPhase section */

/* Begin PBXGroup section */
		63C201AC219FFCF2003EA25E = {
			isa = PBXGroup;
			children = (
				63C201B7219FFCF2003EA25E /* AnimationDev */,
				63C201B6219FFCF2003EA25E /* Products */,
			);
			sourceTree = "<group>";
		};
		63C201B6219FFCF2003EA25E /* Products */ = {
			isa = PBXGroup;
			children = (
				63C201B5219FFCF2003EA25E /* AnimationDev.app */,
			);
			name = Products;
			sourceTree = "<group>";
		};
		63C201B7219FFCF2003EA25E /* AnimationDev */ = {
			isa = PBXGroup;
			children = (
				63C201B8219FFCF2003EA25E /* AppDelegate.swift */,
				63C201CA219FFEDA003EA25E /* BasicAnimationsViewController.swift */,
				63C201CC21A003D7003EA25E /* SpringAnimationsViewController.swift */,
				63C201CE21A00613003EA25E /* KeyFrameAnimationsViewController.swift */,
				63C201D021A007F1003EA25E /* ConstraintAnimationViewController.swift */,
				63C201D421A00B58003EA25E /* Utilities */,
				63C201BC219FFCF2003EA25E /* Main.storyboard */,
				63C201BF219FFCF4003EA25E /* Assets.xcassets */,
				63C201C1219FFCF4003EA25E /* LaunchScreen.storyboard */,
				63C201C4219FFCF4003EA25E /* Info.plist */,
			);
			path = AnimationDev;
			sourceTree = "<group>";
		};
		63C201D421A00B58003EA25E /* Utilities */ = {
			isa = PBXGroup;
			children = (
				63C201D221A00A5A003EA25E /* Constants.swift */,
				63C201D821A03CF3003EA25E /* Extensions.swift */,
			);
			path = Utilities;
			sourceTree = "<group>";
		};
/* End PBXGroup section */

/* Begin PBXNativeTarget section */
		63C201B4219FFCF2003EA25E /* AnimationDev */ = {
			isa = PBXNativeTarget;
			buildConfigurationList = 63C201C7219FFCF4003EA25E /* Build configuration list for PBXNativeTarget "AnimationDev" */;
			buildPhases = (
				63C201B1219FFCF2003EA25E /* Sources */,
				63C201B2219FFCF2003EA25E /* Frameworks */,
				63C201B3219FFCF2003EA25E /* Resources */,
			);
			buildRules = (
			);
			dependencies = (
			);
			name = AnimationDev;
			productName = AnimationDev;
			productReference = 63C201B5219FFCF2003EA25E /* AnimationDev.app */;
			productType = "com.apple.product-type.application";
		};
/* End PBXNativeTarget section */

/* Begin PBXProject section */
		63C201AD219FFCF2003EA25E /* Project object */ = {
			isa = PBXProject;
			attributes = {
				LastSwiftUpdateCheck = 1010;
				LastUpgradeCheck = 1010;
				ORGANIZATIONNAME = "David Kababyan";
				TargetAttributes = {
					63C201B4219FFCF2003EA25E = {
						CreatedOnToolsVersion = 10.1;
					};
				};
			};
			buildConfigurationList = 63C201B0219FFCF2003EA25E /* Build configuration list for PBXProject "AnimationDev" */;
			compatibilityVersion = "Xcode 9.3";
			developmentRegion = en;
			hasScannedForEncodings = 0;
			knownRegions = (
				en,
				Base,
			);
			mainGroup = 63C201AC219FFCF2003EA25E;
			productRefGroup = 63C201B6219FFCF2003EA25E /* Products */;
			projectDirPath = "";
			projectRoot = "";
			targets = (
				63C201B4219FFCF2003EA25E /* AnimationDev */,
			);
		};
/* End PBXProject section */

/* Begin PBXResourcesBuildPhase section */
		63C201B3219FFCF2003EA25E /* Resources */ = {
			isa = PBXResourcesBuildPhase;
			buildActionMask = 2147483647;
			files = (
				63C201C3219FFCF4003EA25E /* LaunchScreen.storyboard in Resources */,
				63C201C0219FFCF4003EA25E /* Assets.xcassets in Resources */,
				63C201BE219FFCF2003EA25E /* Main.storyboard in Resources */,
			);
			runOnlyForDeploymentPostprocessing = 0;
		};
/* End PBXResourcesBuildPhase section */

/* Begin PBXSourcesBuildPhase section */
		63C201B1219FFCF2003EA25E /* Sources */ = {
			isa = PBXSourcesBuildPhase;
			buildActionMask = 2147483647;
			files = (
				63C201CD21A003D7003EA25E /* SpringAnimationsViewController.swift in Sources */,
				63C201CB219FFEDA003EA25E /* BasicAnimationsViewController.swift in Sources */,
				63C201D121A007F1003EA25E /* ConstraintAnimationViewController.swift in Sources */,
				63C201B9219FFCF2003EA25E /* AppDelegate.swift in Sources */,
				63C201CF21A00613003EA25E /* KeyFrameAnimationsViewController.swift in Sources */,
				63C201D321A00A5A003EA25E /* Constants.swift in Sources */,
				63C201D921A03CF3003EA25E /* Extensions.swift in Sources */,
			);
			runOnlyForDeploymentPostprocessing = 0;
		};
/* End PBXSourcesBuildPhase section */

/* Begin PBXVariantGroup section */
		63C201BC219FFCF2003EA25E /* Main.storyboard */ = {
			isa = PBXVariantGroup;
			children = (
				63C201BD219FFCF2003EA25E /* Base */,
			);
			name = Main.storyboard;
			sourceTree = "<group>";
		};
		63C201C1219FFCF4003EA25E /* LaunchScreen.storyboard */ = {
			isa = PBXVariantGroup;
			children = (
				63C201C2219FFCF4003EA25E /* Base */,
			);
			name = LaunchScreen.storyboard;
			sourceTree = "<group>";
		};
/* End PBXVariantGroup section */

/* Begin XCBuildConfiguration section */
		63C201C5219FFCF4003EA25E /* Debug */ = {
			isa = XCBuildConfiguration;
			buildSettings = {
				ALWAYS_SEARCH_USER_PATHS = NO;
				CLANG_ANALYZER_NONNULL = YES;
				CLANG_ANALYZER_NUMBER_OBJECT_CONVERSION = YES_AGGRESSIVE;
				CLANG_CXX_LANGUAGE_STANDARD = "gnu++14";
				CLANG_CXX_LIBRARY = "libc++";
				CLANG_ENABLE_MODULES = YES;
				CLANG_ENABLE_OBJC_ARC = YES;
				CLANG_ENABLE_OBJC_WEAK = YES;
				CLANG_WARN_BLOCK_CAPTURE_AUTORELEASING = YES;
				CLANG_WARN_BOOL_CONVERSION = YES;
				CLANG_WARN_COMMA = YES;
				CLANG_WARN_CONSTANT_CONVERSION = YES;
				CLANG_WARN_DEPRECATED_OBJC_IMPLEMENTATIONS = YES;
				CLANG_WARN_DIRECT_OBJC_ISA_USAGE = YES_ERROR;
				CLANG_WARN_DOCUMENTATION_COMMENTS = YES;
				CLANG_WARN_EMPTY_BODY = YES;
				CLANG_WARN_ENUM_CONVERSION = YES;
				CLANG_WARN_INFINITE_RECURSION = YES;
				CLANG_WARN_INT_CONVERSION = YES;
				CLANG_WARN_NON_LITERAL_NULL_CONVERSION = YES;
				CLANG_WARN_OBJC_IMPLICIT_RETAIN_SELF = YES;
				CLANG_WARN_OBJC_LITERAL_CONVERSION = YES;
				CLANG_WARN_OBJC_ROOT_CLASS = YES_ERROR;
				CLANG_WARN_RANGE_LOOP_ANALYSIS = YES;
				CLANG_WARN_STRICT_PROTOTYPES = YES;
				CLANG_WARN_SUSPICIOUS_MOVE = YES;
				CLANG_WARN_UNGUARDED_AVAILABILITY = YES_AGGRESSIVE;
				CLANG_WARN_UNREACHABLE_CODE = YES;
				CLANG_WARN__DUPLICATE_METHOD_MATCH = YES;
				CODE_SIGN_IDENTITY = "iPhone Developer";
				COPY_PHASE_STRIP = NO;
				DEBUG_INFORMATION_FORMAT = dwarf;
				ENABLE_STRICT_OBJC_MSGSEND = YES;
				ENABLE_TESTABILITY = YES;
				GCC_C_LANGUAGE_STANDARD = gnu11;
				GCC_DYNAMIC_NO_PIC = NO;
				GCC_NO_COMMON_BLOCKS = YES;
				GCC_OPTIMIZATION_LEVEL = 0;
				GCC_PREPROCESSOR_DEFINITIONS = (
					"DEBUG=1",
					"$(inherited)",
				);
				GCC_WARN_64_TO_32_BIT_CONVERSION = YES;
				GCC_WARN_ABOUT_RETURN_TYPE = YES_ERROR;
				GCC_WARN_UNDECLARED_SELECTOR = YES;
				GCC_WARN_UNINITIALIZED_AUTOS = YES_AGGRESSIVE;
				GCC_WARN_UNUSED_FUNCTION = YES;
				GCC_WARN_UNUSED_VARIABLE = YES;
				IPHONEOS_DEPLOYMENT_TARGET = 12.1;
				MTL_ENABLE_DEBUG_INFO = INCLUDE_SOURCE;
				MTL_FAST_MATH = YES;
				ONLY_ACTIVE_ARCH = YES;
				SDKROOT = iphoneos;
				SWIFT_ACTIVE_COMPILATION_CONDITIONS = DEBUG;
				SWIFT_OPTIMIZATION_LEVEL = "-Onone";
			};
			name = Debug;
		};
		63C201C6219FFCF4003EA25E /* Release */ = {
			isa = XCBuildConfiguration;
			buildSettings = {
				ALWAYS_SEARCH_USER_PATHS = NO;
				CLANG_ANALYZER_NONNULL = YES;
				CLANG_ANALYZER_NUMBER_OBJECT_CONVERSION = YES_AGGRESSIVE;
				CLANG_CXX_LANGUAGE_STANDARD = "gnu++14";
				CLANG_CXX_LIBRARY = "libc++";
				CLANG_ENABLE_MODULES = YES;
				CLANG_ENABLE_OBJC_ARC = YES;
				CLANG_ENABLE_OBJC_WEAK = YES;
				CLANG_WARN_BLOCK_CAPTURE_AUTORELEASING = YES;
				CLANG_WARN_BOOL_CONVERSION = YES;
				CLANG_WARN_COMMA = YES;
				CLANG_WARN_CONSTANT_CONVERSION = YES;
				CLANG_WARN_DEPRECATED_OBJC_IMPLEMENTATIONS = YES;
				CLANG_WARN_DIRECT_OBJC_ISA_USAGE = YES_ERROR;
				CLANG_WARN_DOCUMENTATION_COMMENTS = YES;
				CLANG_WARN_EMPTY_BODY = YES;
				CLANG_WARN_ENUM_CONVERSION = YES;
				CLANG_WARN_INFINITE_RECURSION = YES;
				CLANG_WARN_INT_CONVERSION = YES;
				CLANG_WARN_NON_LITERAL_NULL_CONVERSION = YES;
				CLANG_WARN_OBJC_IMPLICIT_RETAIN_SELF = YES;
				CLANG_WARN_OBJC_LITERAL_CONVERSION = YES;
				CLANG_WARN_OBJC_ROOT_CLASS = YES_ERROR;
				CLANG_WARN_RANGE_LOOP_ANALYSIS = YES;
				CLANG_WARN_STRICT_PROTOTYPES = YES;
				CLANG_WARN_SUSPICIOUS_MOVE = YES;
				CLANG_WARN_UNGUARDED_AVAILABILITY = YES_AGGRESSIVE;
				CLANG_WARN_UNREACHABLE_CODE = YES;
				CLANG_WARN__DUPLICATE_METHOD_MATCH = YES;
				CODE_SIGN_IDENTITY = "iPhone Developer";
				COPY_PHASE_STRIP = NO;
				DEBUG_INFORMATION_FORMAT = "dwarf-with-dsym";
				ENABLE_NS_ASSERTIONS = NO;
				ENABLE_STRICT_OBJC_MSGSEND = YES;
				GCC_C_LANGUAGE_STANDARD = gnu11;
				GCC_NO_COMMON_BLOCKS = YES;
				GCC_WARN_64_TO_32_BIT_CONVERSION = YES;
				GCC_WARN_ABOUT_RETURN_TYPE = YES_ERROR;
				GCC_WARN_UNDECLARED_SELECTOR = YES;
				GCC_WARN_UNINITIALIZED_AUTOS = YES_AGGRESSIVE;
				GCC_WARN_UNUSED_FUNCTION = YES;
				GCC_WARN_UNUSED_VARIABLE = YES;
				IPHONEOS_DEPLOYMENT_TARGET = 12.1;
				MTL_ENABLE_DEBUG_INFO = NO;
				MTL_FAST_MATH = YES;
				SDKROOT = iphoneos;
				SWIFT_COMPILATION_MODE = wholemodule;
				SWIFT_OPTIMIZATION_LEVEL = "-O";
				VALIDATE_PRODUCT = YES;
			};
			name = Release;
		};
		63C201C8219FFCF4003EA25E /* Debug */ = {
			isa = XCBuildConfiguration;
			buildSettings = {
				ASSETCATALOG_COMPILER_APPICON_NAME = AppIcon;
				CODE_SIGN_STYLE = Automatic;
				DEVELOPMENT_TEAM = FS59ZV8PGZ;
				INFOPLIST_FILE = AnimationDev/Info.plist;
				LD_RUNPATH_SEARCH_PATHS = (
					"$(inherited)",
					"@executable_path/Frameworks",
				);
				PRODUCT_BUNDLE_IDENTIFIER = com.avilamisc.iostraining.animations;
				PRODUCT_NAME = "$(TARGET_NAME)";
				SWIFT_VERSION = 4.2;
				TARGETED_DEVICE_FAMILY = "1,2";
			};
			name = Debug;
		};
		63C201C9219FFCF4003EA25E /* Release */ = {
			isa = XCBuildConfiguration;
			buildSettings = {
				ASSETCATALOG_COMPILER_APPICON_NAME = AppIcon;
				CODE_SIGN_STYLE = Automatic;
				DEVELOPMENT_TEAM = FS59ZV8PGZ;
				INFOPLIST_FILE = AnimationDev/Info.plist;
				LD_RUNPATH_SEARCH_PATHS = (
					"$(inherited)",
					"@executable_path/Frameworks",
				);
				PRODUCT_BUNDLE_IDENTIFIER = com.avilamisc.iostraining.animations;
				PRODUCT_NAME = "$(TARGET_NAME)";
				SWIFT_VERSION = 4.2;
				TARGETED_DEVICE_FAMILY = "1,2";
			};
			name = Release;
		};
/* End XCBuildConfiguration section */

/* Begin XCConfigurationList section */
		63C201B0219FFCF2003EA25E /* Build configuration list for PBXProject "AnimationDev" */ = {
			isa = XCConfigurationList;
			buildConfigurations = (
				63C201C5219FFCF4003EA25E /* Debug */,
				63C201C6219FFCF4003EA25E /* Release */,
			);
			defaultConfigurationIsVisible = 0;
			defaultConfigurationName = Release;
		};
		63C201C7219FFCF4003EA25E /* Build configuration list for PBXNativeTarget "AnimationDev" */ = {
			isa = XCConfigurationList;
			buildConfigurations = (
				63C201C8219FFCF4003EA25E /* Debug */,
				63C201C9219FFCF4003EA25E /* Release */,
			);
			defaultConfigurationIsVisible = 0;
			defaultConfigurationName = Release;
		};
/* End XCConfigurationList section */
	};
	rootObject = 63C201AD219FFCF2003EA25E /* Project object */;
}
